NeoBundleLock YouCompleteMe 4674bebe2594691bdf61d05e99a3af60029112da
NeoBundleLock ag.vim e70862d6436e8d7e9166208a703b5d60a5b384ab
NeoBundleLock delimitMate d24ad6b301685cd3b9278420248cc780fdc8fc59
NeoBundleLock goyo.vim eb4ec21fe6d737fb8acdc8fc7a465b240a3fe22c
NeoBundleLock gundo.vim 3975ac871565115e3769dc69c06bc88ddc1369af
NeoBundleLock javascript-libraries-syntax.vim c49ce49c3cd79bbb9388969568444e9b42498cb1
NeoBundleLock lightline.vim 13fb725403a7c8e46bda9409e4290764b896c4b2
NeoBundleLock minibufexpl.vim ad72976ca3df4585d49aa296799f14f3b34cf953
NeoBundleLock neomru.vim e72bef33c7f6af3d17c9968f9ac7bb2fda2a2bde
NeoBundleLock netrw 7ffad72e02a3f1f68a8a56e4122bddfd5abdb7b7
NeoBundleLock php.vim 3ef881bbd32f1c7162b03f5be915172c9f2100cc
NeoBundleLock sparkup b1b4374def210ec54ace524fe70503a44d05d6de
NeoBundleLock syntastic b8682c3029de5913e0a63a45e5f4d6f3b5e4920e
NeoBundleLock tabular 60f25648814f0695eeb6c1040d97adca93c4e0bb
NeoBundleLock tagbar 399b75256ac7333d7119d11047f6b3aff8fa2828
NeoBundleLock terminalkeys.vim f7c9125cab22059adf860180d2e2590fb2d52606
NeoBundleLock tern_for_vim 63f7f56bbcd0359897ed45dff0ec7b9f0a992376
NeoBundleLock ultisnips c3a0924b777dbba2f8612950bd8f8a00df18d1bf
NeoBundleLock unite-tag 470eff827c8540bd6388db08d276089b0c6e2990
NeoBundleLock unite.vim 66196701d05e7b941607ca28b1dcc67ef7c5c133
NeoBundleLock vim-abolish e6a170cda8ee542ec5f1384c9643d4330ee6b181
NeoBundleLock vim-better-whitespace 984c8da518799a6bfb8214e1acdcfd10f5f1eed7
NeoBundleLock vim-bracketed-paste 36779ba3b1af4b81fcba7b83095afe794a07b71a
NeoBundleLock vim-commentary 9c685131a5facfa0d643feca3a61b41c007d8170
NeoBundleLock vim-css3-syntax b6d3c9e84353556b4670a0631d5841fd7febe0cb
NeoBundleLock vim-easymotion 9f1c449edfce6d61c7f620e3a9c1389b7b7e334f
NeoBundleLock vim-expand-region 966513543de0ddc2d673b5528a056269e7917276
NeoBundleLock vim-fugitive e065e4f841f4a033ac9a6156573a446007617b1d
NeoBundleLock vim-go 3df3cbf2e7ab9d76fd67f9f4077060b4450ba90c
NeoBundleLock vim-haml 204e32721154766e03e99ff857bc798aa5b741dc
NeoBundleLock vim-indent-guides 4895e860258cd24c975255ef459af4b956107557
NeoBundleLock vim-javascript 8a409f7fd89de746296a92218183dc69fb6e3d93
NeoBundleLock vim-javascript-syntax 8066c375aa911bd225e07f6d8d5c8661702eec75
NeoBundleLock vim-markdown 81e1f07a8482b34ea8c59f6800e7e8dec7bf56b9
NeoBundleLock vim-multiple-cursors 3199d34f57e1e20d2dd807b31a5a72d7f7d42e96
NeoBundleLock vim-pony ffb0afa5176bb7f5e9b96f8a0b33c65f1096e13d
NeoBundleLock vim-repeat 7a6675f092842c8f81e71d5345bd7cdbf3759415
NeoBundleLock vim-snippets 69c918175c77c0a0516c3ab587509a3eca38b3ae
NeoBundleLock vim-stackoverflow d35de23dee52a3aee84d6274f301d8287e84fa54
NeoBundleLock vim-startify 2ae8a966338c34cbda759ce9502602d4b7bd22a0
NeoBundleLock vim-surround 772ab9587b7d1e2c3bae75395c9123803059ba8a
NeoBundleLock vim-webdevicons 86ccb9b28d6ffa1c32296f6a64d2b7bd93a8c24e
NeoBundleLock vimproc.vim c286dcbdfca9e0ee1a4cb90f09c3f03638112f5a
NeoBundleLock vimshell.vim 4939e10609c434becf6423b2f3876bb9c2be3464
